
Microsoft Visual Studio Solution File, Format Version 12.00
# Visual Studio Version 17
VisualStudioVersion = 17.12.35506.116 d17.12
MinimumVisualStudioVersion = 10.0.40219.1
Project("{FAE04EC0-301F-11D3-BF4B-00C04F79EFBC}") = "XsisPos.Web", "XsisPos.Web\XsisPos.Web.csproj", "{E4DA51AC-309F-4891-B0B7-F1E17EA73946}"
EndProject
Project("{FAE04EC0-301F-11D3-BF4B-00C04F79EFBC}") = "XsisPos.Dto", "..\..\BackEnd\XsisPos\XsisPos.Dto\XsisPos.Dto.csproj", "{066A00E0-E53B-4684-B7F7-6AA75DA51F53}"
EndProject
Global
	GlobalSection(SolutionConfigurationPlatforms) = preSolution
		Debug|Any CPU = Debug|Any CPU
		Release|Any CPU = Release|Any CPU
	EndGlobalSection
	GlobalSection(ProjectConfigurationPlatforms) = postSolution
		{E4DA51AC-309F-4891-B0B7-F1E17EA73946}.Debug|Any CPU.ActiveCfg = Debug|Any CPU
		{E4DA51AC-309F-4891-B0B7-F1E17EA73946}.Debug|Any CPU.Build.0 = Debug|Any CPU
		{E4DA51AC-309F-4891-B0B7-F1E17EA73946}.Release|Any CPU.ActiveCfg = Release|Any CPU
		{E4DA51AC-309F-4891-B0B7-F1E17EA73946}.Release|Any CPU.Build.0 = Release|Any CPU
		{066A00E0-E53B-4684-B7F7-6AA75DA51F53}.Debug|Any CPU.ActiveCfg = Debug|Any CPU
		{066A00E0-E53B-4684-B7F7-6AA75DA51F53}.Debug|Any CPU.Build.0 = Debug|Any CPU
		{066A00E0-E53B-4684-B7F7-6AA75DA51F53}.Release|Any CPU.ActiveCfg = Release|Any CPU
		{066A00E0-E53B-4684-B7F7-6AA75DA51F53}.Release|Any CPU.Build.0 = Release|Any CPU
	EndGlobalSection
	GlobalSection(SolutionProperties) = preSolution
		HideSolutionNode = FALSE
	EndGlobalSection
EndGlobal
